# This file is autogenerated, do not edit; changes may be undone by the next 'dep ensure'.


[[projects]]
  branch = "master"
  digest = "1:91dc33da5abcf542dd61ab9dae6fd800b7dca84595d0dd14d7b7c11926cbdf9a"
  name = "github.com/Al2Klimov/go-gen-source-repos"
  packages = ["."]
  pruneopts = "UT"
  revision = "ed8c49be1cc795dcbfb1be2c95514aa304461ab2"

[[projects]]
  branch = "master"
  digest = "1:b3956c96e99076d4d1ae18727ab0ce48389c5f22f251cb9bd6a28d4dfeb6c727"
  name = "github.com/Al2Klimov/go-linux-apis"
  packages = ["."]
  pruneopts = "UT"
  revision = "58e368cd301d5ec71f2e7fde71dbe1a2da941311"

[[projects]]
  branch = "master"
  digest = "1:c065e3bef68c711c5033e82c868373848ac1cf83de687ce1e0ed0f45771260bb"
  name = "github.com/Al2Klimov/go-monplug-utils"
  packages = ["."]
  pruneopts = "UT"
  revision = "37501b5dec90e1801b85e647a2b6c2f5ef553dc0"

[[projects]]
  branch = "master"
  digest = "1:bbe51412d9915d64ffaa96b51d409e070665efc5194fcf145c4a27d4133107a4"
  name = "golang.org/x/crypto"
  packages = ["ssh/terminal"]
  pruneopts = "UT"
  revision = "20be4c3c3ed52bfccdb2d59a412ee1a936d175a7"

[[projects]]
  branch = "master"
  digest = "1:e456eadc3fc18795bdaf836c3a8f25d678cfdd52a5164cf1d3a64ffe23b8df1a"
  name = "golang.org/x/sys"
  packages = [
    "unix",
    "windows",
  ]
  pruneopts = "UT"
  revision = "4c4f7f33c9ed00de01c4c741d2177abfcfe19307"

[solve-meta]
  analyzer-name = "dep"
  analyzer-version = 1
  input-imports = [
    "github.com/Al2Klimov/go-gen-source-repos",
    "github.com/Al2Klimov/go-linux-apis",
    "github.com/Al2Klimov/go-monplug-utils",
  ]
  solver-name = "gps-cdcl"
  solver-version = 1
