# This file is autogenerated, do not edit; changes may be undone by the next 'dep ensure'.


[[projects]]
  branch = "master"
  digest = "1:91dc33da5abcf542dd61ab9dae6fd800b7dca84595d0dd14d7b7c11926cbdf9a"
  name = "github.com/Al2Klimov/go-gen-source-repos"
  packages = ["."]
  pruneopts = "UT"
  revision = "ed8c49be1cc795dcbfb1be2c95514aa304461ab2"

[[projects]]
  branch = "master"
  digest = "1:453b8ebdb7c2a718d432030c0dda7110e6e9b3499663cfd30f290a57739952e0"
  name = "github.com/Al2Klimov/go-monplug-utils"
  packages = ["."]
  pruneopts = "UT"
  revision = "e2b1ff0ae0baa064c6efa0c077f0005fc755237b"

[[projects]]
  branch = "master"
  digest = "1:bbe51412d9915d64ffaa96b51d409e070665efc5194fcf145c4a27d4133107a4"
  name = "golang.org/x/crypto"
  packages = ["ssh/terminal"]
  pruneopts = "UT"
  revision = "20be4c3c3ed52bfccdb2d59a412ee1a936d175a7"

[[projects]]
  branch = "master"
  digest = "1:e456eadc3fc18795bdaf836c3a8f25d678cfdd52a5164cf1d3a64ffe23b8df1a"
  name = "golang.org/x/sys"
  packages = [
    "unix",
    "windows",
  ]
  pruneopts = "UT"
  revision = "4c4f7f33c9ed00de01c4c741d2177abfcfe19307"

[solve-meta]
  analyzer-name = "dep"
  analyzer-version = 1
  input-imports = [
    "github.com/Al2Klimov/go-gen-source-repos",
    "github.com/Al2Klimov/go-monplug-utils",
  ]
  solver-name = "gps-cdcl"
  solver-version = 1
